// !$*UTF8*$!
{
	archiveVersion = 1;
	classes = {
	};
	objectVersion = 46;
	objects = {

/* Begin PBXBuildFile section */
		E3DCD85D1C2EB56500C45F16 /* main.c in Sources */ = {isa = PBXBuildFile; fileRef = E3DCD85C1C2EB56500C45F16 /* main.c */; };
/* End PBXBuildFile section */

/* Begin PBXCopyFilesBuildPhase section */
		E3DCD8571C2EB56500C45F16 /* CopyFiles */ = {
			isa = PBXCopyFilesBuildPhase;
			buildActionMask = 2147483647;
			dstPath = /usr/share/man/man1/;
			dstSubfolderSpec = 0;
			files = (
			);
			runOnlyForDeploymentPostprocessing = 1;
		};
/* End PBXCopyFilesBuildPhase section */

/* Begin PBXFileReference section */
		E3DCD8591C2EB56500C45F16 /* SingularMatTran */ = {isa = PBXFileReference; explicitFileType = "compiled.mach-o.executable"; includeInIndex = 0; path = SingularMatTran; sourceTree = BUILT_PRODUCTS_DIR; };
		E3DCD85C1C2EB56500C45F16 /* main.c */ = {isa = PBXFileReference; lastKnownFileType = sourcecode.c.c; path = main.c; sourceTree = "<group>"; };
/* End PBXFileReference section */

/* Begin PBXFrameworksBuildPhase section */
		E3DCD8561C2EB56500C45F16 /* Frameworks */ = {
			isa = PBXFrameworksBuildPhase;
			buildActionMask = 2147483647;
			files = (
			);
			runOnlyForDeploymentPostprocessing = 0;
		};
/* End PBXFrameworksBuildPhase section */

/* Begin PBXGroup section */
		E3DCD8501C2EB56500C45F16 = {
			isa = PBXGroup;
			children = (
				E3DCD85B1C2EB56500C45F16 /* SingularMatTran */,
				E3DCD85A1C2EB56500C45F16 /* Products */,
			);
			sourceTree = "<group>";
		};
		E3DCD85A1C2EB56500C45F16 /* Products */ = {
			isa = PBXGroup;
			children = (
				E3DCD8591C2EB56500C45F16 /* SingularMatTran */,
			);
			name = Products;
			sourceTree = "<group>";
		};
		E3DCD85B1C2EB56500C45F16 /* SingularMatTran */ = {
			isa = PBXGroup;
			children = (
				E3DCD85C1C2EB56500C45F16 /* main.c */,
			);
			path = SingularMatTran;
			sourceTree = "<group>";
		};
/* End PBXGroup section */

/* Begin PBXNativeTarget section */
		E3DCD8581C2EB56500C45F16 /* SingularMatTran */ = {
			isa = PBXNativeTarget;
			buildConfigurationList = E3DCD8601C2EB56500C45F16 /* Build configuration list for PBXNativeTarget "SingularMatTran" */;
			buildPhases = (
				E3DCD8551C2EB56500C45F16 /* Sources */,
				E3DCD8561C2EB56500C45F16 /* Frameworks */,
				E3DCD8571C2EB56500C45F16 /* CopyFiles */,
			);
			buildRules = (
			);
			dependencies = (
			);
			name = SingularMatTran;
			productName = SingularMatTran;
			productReference = E3DCD8591C2EB56500C45F16 /* SingularMatTran */;
			productType = "com.apple.product-type.tool";
		};
/* End PBXNativeTarget section */

/* Begin PBXProject section */
		E3DCD8511C2EB56500C45F16 /* Project object */ = {
			isa = PBXProject;
			attributes = {
				LastUpgradeCheck = 0710;
				ORGANIZATIONNAME = Bharadwaj;
				TargetAttributes = {
					E3DCD8581C2EB56500C45F16 = {
						CreatedOnToolsVersion = 7.1;
					};
				};
			};
			buildConfigurationList = E3DCD8541C2EB56500C45F16 /* Build configuration list for PBXProject "SingularMatTran" */;
			compatibilityVersion = "Xcode 3.2";
			developmentRegion = English;
			hasScannedForEncodings = 0;
			knownRegions = (
				en,
			);
			mainGroup = E3DCD8501C2EB56500C45F16;
			productRefGroup = E3DCD85A1C2EB56500C45F16 /* Products */;
			projectDirPath = "";
			projectRoot = "";
			targets = (
				E3DCD8581C2EB56500C45F16 /* SingularMatTran */,
			);
		};
/* End PBXProject section */

/* Begin PBXSourcesBuildPhase section */
		E3DCD8551C2EB56500C45F16 /* Sources */ = {
			isa = PBXSourcesBuildPhase;
			buildActionMask = 2147483647;
			files = (
				E3DCD85D1C2EB56500C45F16 /* main.c in Sources */,
			);
			runOnlyForDeploymentPostprocessing = 0;
		};
/* End PBXSourcesBuildPhase section */

/* Begin XCBuildConfiguration section */
		E3DCD85E1C2EB56500C45F16 /* Debug */ = {
			isa = XCBuildConfiguration;
			buildSettings = {
				ALWAYS_SEARCH_USER_PATHS = NO;
				CLANG_CXX_LANGUAGE_STANDARD = "gnu++0x";
				CLANG_CXX_LIBRARY = "libc++";
				CLANG_ENABLE_MODULES = YES;
				CLANG_ENABLE_OBJC_ARC = YES;
				CLANG_WARN_BOOL_CONVERSION = YES;
				CLANG_WARN_CONSTANT_CONVERSION = YES;
				CLANG_WARN_DIRECT_OBJC_ISA_USAGE = YES_ERROR;
				CLANG_WARN_EMPTY_BODY = YES;
				CLANG_WARN_ENUM_CONVERSION = YES;
				CLANG_WARN_INT_CONVERSION = YES;
				CLANG_WARN_OBJC_ROOT_CLASS = YES_ERROR;
				CLANG_WARN_UNREACHABLE_CODE = YES;
				CLANG_WARN__DUPLICATE_METHOD_MATCH = YES;
				CODE_SIGN_IDENTITY = "-";
				COPY_PHASE_STRIP = NO;
				DEBUG_INFORMATION_FORMAT = dwarf;
				ENABLE_STRICT_OBJC_MSGSEND = YES;
				ENABLE_TESTABILITY = YES;
				GCC_C_LANGUAGE_STANDARD = gnu99;
				GCC_DYNAMIC_NO_PIC = NO;
				GCC_NO_COMMON_BLOCKS = YES;
				GCC_OPTIMIZATION_LEVEL = 0;
				GCC_PREPROCESSOR_DEFINITIONS = (
					"DEBUG=1",
					"$(inherited)",
				);
				GCC_WARN_64_TO_32_BIT_CONVERSION = YES;
				GCC_WARN_ABOUT_RETURN_TYPE = YES_ERROR;
				GCC_WARN_UNDECLARED_SELECTOR = YES;
				GCC_WARN_UNINITIALIZED_AUTOS = YES_AGGRESSIVE;
				GCC_WARN_UNUSED_FUNCTION = YES;
				GCC_WARN_UNUSED_VARIABLE = YES;
				MACOSX_DEPLOYMENT_TARGET = 10.11;
				MTL_ENABLE_DEBUG_INFO = YES;
				ONLY_ACTIVE_ARCH = YES;
				SDKROOT = macosx;
			};
			name = Debug;
		};
		E3DCD85F1C2EB56500C45F16 /* Release */ = {
			isa = XCBuildConfiguration;
			buildSettings = {
				ALWAYS_SEARCH_USER_PATHS = NO;
				CLANG_CXX_LANGUAGE_STANDARD = "gnu++0x";
				CLANG_CXX_LIBRARY = "libc++";
				CLANG_ENABLE_MODULES = YES;
				CLANG_ENABLE_OBJC_ARC = YES;
				CLANG_WARN_BOOL_CONVERSION = YES;
				CLANG_WARN_CONSTANT_CONVERSION = YES;
				CLANG_WARN_DIRECT_OBJC_ISA_USAGE = YES_ERROR;
				CLANG_WARN_EMPTY_BODY = YES;
				CLANG_WARN_ENUM_CONVERSION = YES;
				CLANG_WARN_INT_CONVERSION = YES;
				CLANG_WARN_OBJC_ROOT_CLASS = YES_ERROR;
				CLANG_WARN_UNREACHABLE_CODE = YES;
				CLANG_WARN__DUPLICATE_METHOD_MATCH = YES;
				CODE_SIGN_IDENTITY = "-";
				COPY_PHASE_STRIP = NO;
				DEBUG_INFORMATION_FORMAT = "dwarf-with-dsym";
				ENABLE_NS_ASSERTIONS = NO;
				ENABLE_STRICT_OBJC_MSGSEND = YES;
				GCC_C_LANGUAGE_STANDARD = gnu99;
				GCC_NO_COMMON_BLOCKS = YES;
				GCC_WARN_64_TO_32_BIT_CONVERSION = YES;
				GCC_WARN_ABOUT_RETURN_TYPE = YES_ERROR;
				GCC_WARN_UNDECLARED_SELECTOR = YES;
				GCC_WARN_UNINITIALIZED_AUTOS = YES_AGGRESSIVE;
				GCC_WARN_UNUSED_FUNCTION = YES;
				GCC_WARN_UNUSED_VARIABLE = YES;
				MACOSX_DEPLOYMENT_TARGET = 10.11;
				MTL_ENABLE_DEBUG_INFO = NO;
				SDKROOT = macosx;
			};
			name = Release;
		};
		E3DCD8611C2EB56500C45F16 /* Debug */ = {
			isa = XCBuildConfiguration;
			buildSettings = {
				PRODUCT_NAME = "$(TARGET_NAME)";
			};
			name = Debug;
		};
		E3DCD8621C2EB56500C45F16 /* Release */ = {
			isa = XCBuildConfiguration;
			buildSettings = {
				PRODUCT_NAME = "$(TARGET_NAME)";
			};
			name = Release;
		};
/* End XCBuildConfiguration section */

/* Begin XCConfigurationList section */
		E3DCD8541C2EB56500C45F16 /* Build configuration list for PBXProject "SingularMatTran" */ = {
			isa = XCConfigurationList;
			buildConfigurations = (
				E3DCD85E1C2EB56500C45F16 /* Debug */,
				E3DCD85F1C2EB56500C45F16 /* Release */,
			);
			defaultConfigurationIsVisible = 0;
			defaultConfigurationName = Release;
		};
		E3DCD8601C2EB56500C45F16 /* Build configuration list for PBXNativeTarget "SingularMatTran" */ = {
			isa = XCConfigurationList;
			buildConfigurations = (
				E3DCD8611C2EB56500C45F16 /* Debug */,
				E3DCD8621C2EB56500C45F16 /* Release */,
			);
			defaultConfigurationIsVisible = 0;
		};
/* End XCConfigurationList section */
	};
	rootObject = E3DCD8511C2EB56500C45F16 /* Project object */;
}
