// !$*UTF8*$!
{
	archiveVersion = 1;
	classes = {
	};
	objectVersion = 46;
	objects = {

/* Begin PBXBuildFile section */
		E36D459A1C54E1D900A8E0AA /* main.c in Sources */ = {isa = PBXBuildFile; fileRef = E36D45991C54E1D900A8E0AA /* main.c */; };
/* End PBXBuildFile section */

/* Begin PBXCopyFilesBuildPhase section */
		E36D45941C54E1D900A8E0AA /* CopyFiles */ = {
			isa = PBXCopyFilesBuildPhase;
			buildActionMask = 2147483647;
			dstPath = /usr/share/man/man1/;
			dstSubfolderSpec = 0;
			files = (
			);
			runOnlyForDeploymentPostprocessing = 1;
		};
/* End PBXCopyFilesBuildPhase section */

/* Begin PBXFileReference section */
		E36D45961C54E1D900A8E0AA /* NumberOfBits */ = {isa = PBXFileReference; explicitFileType = "compiled.mach-o.executable"; includeInIndex = 0; path = NumberOfBits; sourceTree = BUILT_PRODUCTS_DIR; };
		E36D45991C54E1D900A8E0AA /* main.c */ = {isa = PBXFileReference; lastKnownFileType = sourcecode.c.c; path = main.c; sourceTree = "<group>"; };
/* End PBXFileReference section */

/* Begin PBXFrameworksBuildPhase section */
		E36D45931C54E1D900A8E0AA /* Frameworks */ = {
			isa = PBXFrameworksBuildPhase;
			buildActionMask = 2147483647;
			files = (
			);
			runOnlyForDeploymentPostprocessing = 0;
		};
/* End PBXFrameworksBuildPhase section */

/* Begin PBXGroup section */
		E36D458D1C54E1D900A8E0AA = {
			isa = PBXGroup;
			children = (
				E36D45981C54E1D900A8E0AA /* NumberOfBits */,
				E36D45971C54E1D900A8E0AA /* Products */,
			);
			sourceTree = "<group>";
		};
		E36D45971C54E1D900A8E0AA /* Products */ = {
			isa = PBXGroup;
			children = (
				E36D45961C54E1D900A8E0AA /* NumberOfBits */,
			);
			name = Products;
			sourceTree = "<group>";
		};
		E36D45981C54E1D900A8E0AA /* NumberOfBits */ = {
			isa = PBXGroup;
			children = (
				E36D45991C54E1D900A8E0AA /* main.c */,
			);
			path = NumberOfBits;
			sourceTree = "<group>";
		};
/* End PBXGroup section */

/* Begin PBXNativeTarget section */
		E36D45951C54E1D900A8E0AA /* NumberOfBits */ = {
			isa = PBXNativeTarget;
			buildConfigurationList = E36D459D1C54E1D900A8E0AA /* Build configuration list for PBXNativeTarget "NumberOfBits" */;
			buildPhases = (
				E36D45921C54E1D900A8E0AA /* Sources */,
				E36D45931C54E1D900A8E0AA /* Frameworks */,
				E36D45941C54E1D900A8E0AA /* CopyFiles */,
			);
			buildRules = (
			);
			dependencies = (
			);
			name = NumberOfBits;
			productName = NumberOfBits;
			productReference = E36D45961C54E1D900A8E0AA /* NumberOfBits */;
			productType = "com.apple.product-type.tool";
		};
/* End PBXNativeTarget section */

/* Begin PBXProject section */
		E36D458E1C54E1D900A8E0AA /* Project object */ = {
			isa = PBXProject;
			attributes = {
				LastUpgradeCheck = 0710;
				ORGANIZATIONNAME = Bharadwaj;
				TargetAttributes = {
					E36D45951C54E1D900A8E0AA = {
						CreatedOnToolsVersion = 7.1;
					};
				};
			};
			buildConfigurationList = E36D45911C54E1D900A8E0AA /* Build configuration list for PBXProject "NumberOfBits" */;
			compatibilityVersion = "Xcode 3.2";
			developmentRegion = English;
			hasScannedForEncodings = 0;
			knownRegions = (
				en,
			);
			mainGroup = E36D458D1C54E1D900A8E0AA;
			productRefGroup = E36D45971C54E1D900A8E0AA /* Products */;
			projectDirPath = "";
			projectRoot = "";
			targets = (
				E36D45951C54E1D900A8E0AA /* NumberOfBits */,
			);
		};
/* End PBXProject section */

/* Begin PBXSourcesBuildPhase section */
		E36D45921C54E1D900A8E0AA /* Sources */ = {
			isa = PBXSourcesBuildPhase;
			buildActionMask = 2147483647;
			files = (
				E36D459A1C54E1D900A8E0AA /* main.c in Sources */,
			);
			runOnlyForDeploymentPostprocessing = 0;
		};
/* End PBXSourcesBuildPhase section */

/* Begin XCBuildConfiguration section */
		E36D459B1C54E1D900A8E0AA /* Debug */ = {
			isa = XCBuildConfiguration;
			buildSettings = {
				ALWAYS_SEARCH_USER_PATHS = NO;
				CLANG_CXX_LANGUAGE_STANDARD = "gnu++0x";
				CLANG_CXX_LIBRARY = "libc++";
				CLANG_ENABLE_MODULES = YES;
				CLANG_ENABLE_OBJC_ARC = YES;
				CLANG_WARN_BOOL_CONVERSION = YES;
				CLANG_WARN_CONSTANT_CONVERSION = YES;
				CLANG_WARN_DIRECT_OBJC_ISA_USAGE = YES_ERROR;
				CLANG_WARN_EMPTY_BODY = YES;
				CLANG_WARN_ENUM_CONVERSION = YES;
				CLANG_WARN_INT_CONVERSION = YES;
				CLANG_WARN_OBJC_ROOT_CLASS = YES_ERROR;
				CLANG_WARN_UNREACHABLE_CODE = YES;
				CLANG_WARN__DUPLICATE_METHOD_MATCH = YES;
				CODE_SIGN_IDENTITY = "-";
				COPY_PHASE_STRIP = NO;
				DEBUG_INFORMATION_FORMAT = dwarf;
				ENABLE_STRICT_OBJC_MSGSEND = YES;
				ENABLE_TESTABILITY = YES;
				GCC_C_LANGUAGE_STANDARD = gnu99;
				GCC_DYNAMIC_NO_PIC = NO;
				GCC_NO_COMMON_BLOCKS = YES;
				GCC_OPTIMIZATION_LEVEL = 0;
				GCC_PREPROCESSOR_DEFINITIONS = (
					"DEBUG=1",
					"$(inherited)",
				);
				GCC_WARN_64_TO_32_BIT_CONVERSION = YES;
				GCC_WARN_ABOUT_RETURN_TYPE = YES_ERROR;
				GCC_WARN_UNDECLARED_SELECTOR = YES;
				GCC_WARN_UNINITIALIZED_AUTOS = YES_AGGRESSIVE;
				GCC_WARN_UNUSED_FUNCTION = YES;
				GCC_WARN_UNUSED_VARIABLE = YES;
				MACOSX_DEPLOYMENT_TARGET = 10.11;
				MTL_ENABLE_DEBUG_INFO = YES;
				ONLY_ACTIVE_ARCH = YES;
				SDKROOT = macosx;
			};
			name = Debug;
		};
		E36D459C1C54E1D900A8E0AA /* Release */ = {
			isa = XCBuildConfiguration;
			buildSettings = {
				ALWAYS_SEARCH_USER_PATHS = NO;
				CLANG_CXX_LANGUAGE_STANDARD = "gnu++0x";
				CLANG_CXX_LIBRARY = "libc++";
				CLANG_ENABLE_MODULES = YES;
				CLANG_ENABLE_OBJC_ARC = YES;
				CLANG_WARN_BOOL_CONVERSION = YES;
				CLANG_WARN_CONSTANT_CONVERSION = YES;
				CLANG_WARN_DIRECT_OBJC_ISA_USAGE = YES_ERROR;
				CLANG_WARN_EMPTY_BODY = YES;
				CLANG_WARN_ENUM_CONVERSION = YES;
				CLANG_WARN_INT_CONVERSION = YES;
				CLANG_WARN_OBJC_ROOT_CLASS = YES_ERROR;
				CLANG_WARN_UNREACHABLE_CODE = YES;
				CLANG_WARN__DUPLICATE_METHOD_MATCH = YES;
				CODE_SIGN_IDENTITY = "-";
				COPY_PHASE_STRIP = NO;
				DEBUG_INFORMATION_FORMAT = "dwarf-with-dsym";
				ENABLE_NS_ASSERTIONS = NO;
				ENABLE_STRICT_OBJC_MSGSEND = YES;
				GCC_C_LANGUAGE_STANDARD = gnu99;
				GCC_NO_COMMON_BLOCKS = YES;
				GCC_WARN_64_TO_32_BIT_CONVERSION = YES;
				GCC_WARN_ABOUT_RETURN_TYPE = YES_ERROR;
				GCC_WARN_UNDECLARED_SELECTOR = YES;
				GCC_WARN_UNINITIALIZED_AUTOS = YES_AGGRESSIVE;
				GCC_WARN_UNUSED_FUNCTION = YES;
				GCC_WARN_UNUSED_VARIABLE = YES;
				MACOSX_DEPLOYMENT_TARGET = 10.11;
				MTL_ENABLE_DEBUG_INFO = NO;
				SDKROOT = macosx;
			};
			name = Release;
		};
		E36D459E1C54E1D900A8E0AA /* Debug */ = {
			isa = XCBuildConfiguration;
			buildSettings = {
				PRODUCT_NAME = "$(TARGET_NAME)";
			};
			name = Debug;
		};
		E36D459F1C54E1D900A8E0AA /* Release */ = {
			isa = XCBuildConfiguration;
			buildSettings = {
				PRODUCT_NAME = "$(TARGET_NAME)";
			};
			name = Release;
		};
/* End XCBuildConfiguration section */

/* Begin XCConfigurationList section */
		E36D45911C54E1D900A8E0AA /* Build configuration list for PBXProject "NumberOfBits" */ = {
			isa = XCConfigurationList;
			buildConfigurations = (
				E36D459B1C54E1D900A8E0AA /* Debug */,
				E36D459C1C54E1D900A8E0AA /* Release */,
			);
			defaultConfigurationIsVisible = 0;
			defaultConfigurationName = Release;
		};
		E36D459D1C54E1D900A8E0AA /* Build configuration list for PBXNativeTarget "NumberOfBits" */ = {
			isa = XCConfigurationList;
			buildConfigurations = (
				E36D459E1C54E1D900A8E0AA /* Debug */,
				E36D459F1C54E1D900A8E0AA /* Release */,
			);
			defaultConfigurationIsVisible = 0;
		};
/* End XCConfigurationList section */
	};
	rootObject = E36D458E1C54E1D900A8E0AA /* Project object */;
}
